
Microsoft Visual Studio Solution File, Format Version 12.00
# Visual Studio Version 16
VisualStudioVersion = 16.0.32802.440
MinimumVisualStudioVersion = 10.0.40219.1
Project("{FAE04EC0-301F-11D3-BF4B-00C04F79EFBC}") = "DAY 5", "DAY 5\DAY 5.csproj", "{6B05B85F-C7B8-49B8-8898-65AD97BF4703}"
EndProject
Global
	GlobalSection(SolutionConfigurationPlatforms) = preSolution
		Debug|Any CPU = Debug|Any CPU
		Release|Any CPU = Release|Any CPU
	EndGlobalSection
	GlobalSection(ProjectConfigurationPlatforms) = postSolution
		{6B05B85F-C7B8-49B8-8898-65AD97BF4703}.Debug|Any CPU.ActiveCfg = Debug|Any CPU
		{6B05B85F-C7B8-49B8-8898-65AD97BF4703}.Debug|Any CPU.Build.0 = Debug|Any CPU
		{6B05B85F-C7B8-49B8-8898-65AD97BF4703}.Release|Any CPU.ActiveCfg = Release|Any CPU
		{6B05B85F-C7B8-49B8-8898-65AD97BF4703}.Release|Any CPU.Build.0 = Release|Any CPU
	EndGlobalSection
	GlobalSection(SolutionProperties) = preSolution
		HideSolutionNode = FALSE
	EndGlobalSection
	GlobalSection(ExtensibilityGlobals) = postSolution
		SolutionGuid = {830AFA37-1B3F-4378-AAF3-AF5D25230792}
	EndGlobalSection
EndGlobal
