
Microsoft Visual Studio Solution File, Format Version 12.00
# Visual Studio Version 16
VisualStudioVersion = 16.0.32802.440
MinimumVisualStudioVersion = 10.0.40219.1
Project("{FAE04EC0-301F-11D3-BF4B-00C04F79EFBC}") = "DAY 6", "DAY 6\DAY 6.csproj", "{937F0CB1-A9CD-45BF-BE60-6AA28255ADF1}"
EndProject
Global
	GlobalSection(SolutionConfigurationPlatforms) = preSolution
		Debug|Any CPU = Debug|Any CPU
		Release|Any CPU = Release|Any CPU
	EndGlobalSection
	GlobalSection(ProjectConfigurationPlatforms) = postSolution
		{937F0CB1-A9CD-45BF-BE60-6AA28255ADF1}.Debug|Any CPU.ActiveCfg = Debug|Any CPU
		{937F0CB1-A9CD-45BF-BE60-6AA28255ADF1}.Debug|Any CPU.Build.0 = Debug|Any CPU
		{937F0CB1-A9CD-45BF-BE60-6AA28255ADF1}.Release|Any CPU.ActiveCfg = Release|Any CPU
		{937F0CB1-A9CD-45BF-BE60-6AA28255ADF1}.Release|Any CPU.Build.0 = Release|Any CPU
	EndGlobalSection
	GlobalSection(SolutionProperties) = preSolution
		HideSolutionNode = FALSE
	EndGlobalSection
	GlobalSection(ExtensibilityGlobals) = postSolution
		SolutionGuid = {CD119AF3-D824-4898-B590-83F9B294FB0D}
	EndGlobalSection
EndGlobal
