
Microsoft Visual Studio Solution File, Format Version 12.00
# Visual Studio Version 16
VisualStudioVersion = 16.0.32802.440
MinimumVisualStudioVersion = 10.0.40219.1
Project("{FAE04EC0-301F-11D3-BF4B-00C04F79EFBC}") = "DAY 9", "DAY 9\DAY 9.csproj", "{72A507A5-5AE3-49B3-9D2C-CDABF26D73AF}"
EndProject
Global
	GlobalSection(SolutionConfigurationPlatforms) = preSolution
		Debug|Any CPU = Debug|Any CPU
		Release|Any CPU = Release|Any CPU
	EndGlobalSection
	GlobalSection(ProjectConfigurationPlatforms) = postSolution
		{72A507A5-5AE3-49B3-9D2C-CDABF26D73AF}.Debug|Any CPU.ActiveCfg = Debug|Any CPU
		{72A507A5-5AE3-49B3-9D2C-CDABF26D73AF}.Debug|Any CPU.Build.0 = Debug|Any CPU
		{72A507A5-5AE3-49B3-9D2C-CDABF26D73AF}.Release|Any CPU.ActiveCfg = Release|Any CPU
		{72A507A5-5AE3-49B3-9D2C-CDABF26D73AF}.Release|Any CPU.Build.0 = Release|Any CPU
	EndGlobalSection
	GlobalSection(SolutionProperties) = preSolution
		HideSolutionNode = FALSE
	EndGlobalSection
	GlobalSection(ExtensibilityGlobals) = postSolution
		SolutionGuid = {D62A3797-7B2B-437D-9922-B256EF0DF9E3}
	EndGlobalSection
EndGlobal
